
Microsoft Visual Studio Solution File, Format Version 12.00
# Visual Studio Version 17
VisualStudioVersion = 17.4.33205.214
MinimumVisualStudioVersion = 10.0.40219.1
Project("{9A19103F-16F7-4668-BE54-9A1E7A4F7556}") = "MenuItemListing", "..\MenuItemListing\MenuItemListing\MenuItemListing.csproj", "{AE351E85-B154-46E3-BC73-F63F2C9139EC}"
EndProject
Project("{9A19103F-16F7-4668-BE54-9A1E7A4F7556}") = "OrderItem", "..\OrderItem\OrderItem\OrderItem.csproj", "{DB31DFD5-D4FE-4BE1-950F-496EA6490E9D}"
EndProject
Global
	GlobalSection(SolutionConfigurationPlatforms) = preSolution
		Debug|Any CPU = Debug|Any CPU
		Release|Any CPU = Release|Any CPU
	EndGlobalSection
	GlobalSection(ProjectConfigurationPlatforms) = postSolution
		{AE351E85-B154-46E3-BC73-F63F2C9139EC}.Debug|Any CPU.ActiveCfg = Debug|Any CPU
		{AE351E85-B154-46E3-BC73-F63F2C9139EC}.Debug|Any CPU.Build.0 = Debug|Any CPU
		{AE351E85-B154-46E3-BC73-F63F2C9139EC}.Release|Any CPU.ActiveCfg = Release|Any CPU
		{AE351E85-B154-46E3-BC73-F63F2C9139EC}.Release|Any CPU.Build.0 = Release|Any CPU
		{DB31DFD5-D4FE-4BE1-950F-496EA6490E9D}.Debug|Any CPU.ActiveCfg = Debug|Any CPU
		{DB31DFD5-D4FE-4BE1-950F-496EA6490E9D}.Debug|Any CPU.Build.0 = Debug|Any CPU
		{DB31DFD5-D4FE-4BE1-950F-496EA6490E9D}.Release|Any CPU.ActiveCfg = Release|Any CPU
		{DB31DFD5-D4FE-4BE1-950F-496EA6490E9D}.Release|Any CPU.Build.0 = Release|Any CPU
	EndGlobalSection
	GlobalSection(SolutionProperties) = preSolution
		HideSolutionNode = FALSE
	EndGlobalSection
	GlobalSection(ExtensibilityGlobals) = postSolution
		SolutionGuid = {9F78CB41-9EF9-4879-B379-D5B170753ABC}
	EndGlobalSection
EndGlobal
