
Microsoft Visual Studio Solution File, Format Version 12.00
# Visual Studio Version 17
VisualStudioVersion = 17.4.33205.214
MinimumVisualStudioVersion = 10.0.40219.1
Project("{FAE04EC0-301F-11D3-BF4B-00C04F79EFBC}") = "Simplewebapi", "Simplewebapi\Simplewebapi.csproj", "{794422AF-BDA2-45BB-9B6B-65DD50359BA4}"
EndProject
Global
	GlobalSection(SolutionConfigurationPlatforms) = preSolution
		Debug|Any CPU = Debug|Any CPU
		Release|Any CPU = Release|Any CPU
	EndGlobalSection
	GlobalSection(ProjectConfigurationPlatforms) = postSolution
		{794422AF-BDA2-45BB-9B6B-65DD50359BA4}.Debug|Any CPU.ActiveCfg = Debug|Any CPU
		{794422AF-BDA2-45BB-9B6B-65DD50359BA4}.Debug|Any CPU.Build.0 = Debug|Any CPU
		{794422AF-BDA2-45BB-9B6B-65DD50359BA4}.Release|Any CPU.ActiveCfg = Release|Any CPU
		{794422AF-BDA2-45BB-9B6B-65DD50359BA4}.Release|Any CPU.Build.0 = Release|Any CPU
	EndGlobalSection
	GlobalSection(SolutionProperties) = preSolution
		HideSolutionNode = FALSE
	EndGlobalSection
	GlobalSection(ExtensibilityGlobals) = postSolution
		SolutionGuid = {1B4F49CA-FC7E-4C1D-8E32-F578406A18D6}
	EndGlobalSection
EndGlobal
