
Microsoft Visual Studio Solution File, Format Version 12.00
# Visual Studio Version 17
VisualStudioVersion = 17.4.33205.214
MinimumVisualStudioVersion = 10.0.40219.1
Project("{FAE04EC0-301F-11D3-BF4B-00C04F79EFBC}") = "EmployeeHandson", "EmployeeHandson\EmployeeHandson.csproj", "{F5D382D6-4376-4CC1-883E-CC5CD25702CF}"
EndProject
Global
	GlobalSection(SolutionConfigurationPlatforms) = preSolution
		Debug|Any CPU = Debug|Any CPU
		Release|Any CPU = Release|Any CPU
	EndGlobalSection
	GlobalSection(ProjectConfigurationPlatforms) = postSolution
		{F5D382D6-4376-4CC1-883E-CC5CD25702CF}.Debug|Any CPU.ActiveCfg = Debug|Any CPU
		{F5D382D6-4376-4CC1-883E-CC5CD25702CF}.Debug|Any CPU.Build.0 = Debug|Any CPU
		{F5D382D6-4376-4CC1-883E-CC5CD25702CF}.Release|Any CPU.ActiveCfg = Release|Any CPU
		{F5D382D6-4376-4CC1-883E-CC5CD25702CF}.Release|Any CPU.Build.0 = Release|Any CPU
	EndGlobalSection
	GlobalSection(SolutionProperties) = preSolution
		HideSolutionNode = FALSE
	EndGlobalSection
	GlobalSection(ExtensibilityGlobals) = postSolution
		SolutionGuid = {3687571D-F1FD-4881-BE1C-842C3BBD6D03}
	EndGlobalSection
EndGlobal
